// !$*UTF8*$!
{
	archiveVersion = 1;
	classes = {
	};
	objectVersion = 46;
	objects = {

/* Begin PBXBuildFile section */
		B47B37381D1EEBD200B503E1 /* AppDelegate.swift in Sources */ = {isa = PBXBuildFile; fileRef = B47B37371D1EEBD200B503E1 /* AppDelegate.swift */; };
		B47B373A1D1EEBD200B503E1 /* MasterViewController.swift in Sources */ = {isa = PBXBuildFile; fileRef = B47B37391D1EEBD200B503E1 /* MasterViewController.swift */; };
		B47B373C1D1EEBD200B503E1 /* DetailViewController.swift in Sources */ = {isa = PBXBuildFile; fileRef = B47B373B1D1EEBD200B503E1 /* DetailViewController.swift */; };
		B47B373F1D1EEBD200B503E1 /* Main.storyboard in Resources */ = {isa = PBXBuildFile; fileRef = B47B373D1D1EEBD200B503E1 /* Main.storyboard */; };
		B47B37411D1EEBD200B503E1 /* Assets.xcassets in Resources */ = {isa = PBXBuildFile; fileRef = B47B37401D1EEBD200B503E1 /* Assets.xcassets */; };
		B47B37441D1EEBD200B503E1 /* LaunchScreen.storyboard in Resources */ = {isa = PBXBuildFile; fileRef = B47B37421D1EEBD200B503E1 /* LaunchScreen.storyboard */; };
		B47B374F1D1EEBD200B503E1 /* CursoSwiftTests.swift in Sources */ = {isa = PBXBuildFile; fileRef = B47B374E1D1EEBD200B503E1 /* CursoSwiftTests.swift */; };
		B47B375A1D1EEBD200B503E1 /* CursoSwiftUITests.swift in Sources */ = {isa = PBXBuildFile; fileRef = B47B37591D1EEBD200B503E1 /* CursoSwiftUITests.swift */; };
/* End PBXBuildFile section */

/* Begin PBXContainerItemProxy section */
		B47B374B1D1EEBD200B503E1 /* PBXContainerItemProxy */ = {
			isa = PBXContainerItemProxy;
			containerPortal = B47B372C1D1EEBD200B503E1 /* Project object */;
			proxyType = 1;
			remoteGlobalIDString = B47B37331D1EEBD200B503E1;
			remoteInfo = CursoSwift;
		};
		B47B37561D1EEBD200B503E1 /* PBXContainerItemProxy */ = {
			isa = PBXContainerItemProxy;
			containerPortal = B47B372C1D1EEBD200B503E1 /* Project object */;
			proxyType = 1;
			remoteGlobalIDString = B47B37331D1EEBD200B503E1;
			remoteInfo = CursoSwift;
		};
/* End PBXContainerItemProxy section */

/* Begin PBXFileReference section */
		B47B37341D1EEBD200B503E1 /* CursoSwift.app */ = {isa = PBXFileReference; explicitFileType = wrapper.application; includeInIndex = 0; path = CursoSwift.app; sourceTree = BUILT_PRODUCTS_DIR; };
		B47B37371D1EEBD200B503E1 /* AppDelegate.swift */ = {isa = PBXFileReference; lastKnownFileType = sourcecode.swift; path = AppDelegate.swift; sourceTree = "<group>"; };
		B47B37391D1EEBD200B503E1 /* MasterViewController.swift */ = {isa = PBXFileReference; lastKnownFileType = sourcecode.swift; path = MasterViewController.swift; sourceTree = "<group>"; };
		B47B373B1D1EEBD200B503E1 /* DetailViewController.swift */ = {isa = PBXFileReference; lastKnownFileType = sourcecode.swift; path = DetailViewController.swift; sourceTree = "<group>"; };
		B47B373E1D1EEBD200B503E1 /* Base */ = {isa = PBXFileReference; lastKnownFileType = file.storyboard; name = Base; path = Base.lproj/Main.storyboard; sourceTree = "<group>"; };
		B47B37401D1EEBD200B503E1 /* Assets.xcassets */ = {isa = PBXFileReference; lastKnownFileType = folder.assetcatalog; path = Assets.xcassets; sourceTree = "<group>"; };
		B47B37431D1EEBD200B503E1 /* Base */ = {isa = PBXFileReference; lastKnownFileType = file.storyboard; name = Base; path = Base.lproj/LaunchScreen.storyboard; sourceTree = "<group>"; };
		B47B37451D1EEBD200B503E1 /* Info.plist */ = {isa = PBXFileReference; lastKnownFileType = text.plist.xml; path = Info.plist; sourceTree = "<group>"; };
		B47B374A1D1EEBD200B503E1 /* CursoSwiftTests.xctest */ = {isa = PBXFileReference; explicitFileType = wrapper.cfbundle; includeInIndex = 0; path = CursoSwiftTests.xctest; sourceTree = BUILT_PRODUCTS_DIR; };
		B47B374E1D1EEBD200B503E1 /* CursoSwiftTests.swift */ = {isa = PBXFileReference; lastKnownFileType = sourcecode.swift; path = CursoSwiftTests.swift; sourceTree = "<group>"; };
		B47B37501D1EEBD200B503E1 /* Info.plist */ = {isa = PBXFileReference; lastKnownFileType = text.plist.xml; path = Info.plist; sourceTree = "<group>"; };
		B47B37551D1EEBD200B503E1 /* CursoSwiftUITests.xctest */ = {isa = PBXFileReference; explicitFileType = wrapper.cfbundle; includeInIndex = 0; path = CursoSwiftUITests.xctest; sourceTree = BUILT_PRODUCTS_DIR; };
		B47B37591D1EEBD200B503E1 /* CursoSwiftUITests.swift */ = {isa = PBXFileReference; lastKnownFileType = sourcecode.swift; path = CursoSwiftUITests.swift; sourceTree = "<group>"; };
		B47B375B1D1EEBD200B503E1 /* Info.plist */ = {isa = PBXFileReference; lastKnownFileType = text.plist.xml; path = Info.plist; sourceTree = "<group>"; };
/* End PBXFileReference section */

/* Begin PBXFrameworksBuildPhase section */
		B47B37311D1EEBD200B503E1 /* Frameworks */ = {
			isa = PBXFrameworksBuildPhase;
			buildActionMask = 2147483647;
			files = (
			);
			runOnlyForDeploymentPostprocessing = 0;
		};
		B47B37471D1EEBD200B503E1 /* Frameworks */ = {
			isa = PBXFrameworksBuildPhase;
			buildActionMask = 2147483647;
			files = (
			);
			runOnlyForDeploymentPostprocessing = 0;
		};
		B47B37521D1EEBD200B503E1 /* Frameworks */ = {
			isa = PBXFrameworksBuildPhase;
			buildActionMask = 2147483647;
			files = (
			);
			runOnlyForDeploymentPostprocessing = 0;
		};
/* End PBXFrameworksBuildPhase section */

/* Begin PBXGroup section */
		B47B372B1D1EEBD200B503E1 = {
			isa = PBXGroup;
			children = (
				B47B37361D1EEBD200B503E1 /* CursoSwift */,
				B47B374D1D1EEBD200B503E1 /* CursoSwiftTests */,
				B47B37581D1EEBD200B503E1 /* CursoSwiftUITests */,
				B47B37351D1EEBD200B503E1 /* Products */,
			);
			sourceTree = "<group>";
		};
		B47B37351D1EEBD200B503E1 /* Products */ = {
			isa = PBXGroup;
			children = (
				B47B37341D1EEBD200B503E1 /* CursoSwift.app */,
				B47B374A1D1EEBD200B503E1 /* CursoSwiftTests.xctest */,
				B47B37551D1EEBD200B503E1 /* CursoSwiftUITests.xctest */,
			);
			name = Products;
			sourceTree = "<group>";
		};
		B47B37361D1EEBD200B503E1 /* CursoSwift */ = {
			isa = PBXGroup;
			children = (
				B47B37371D1EEBD200B503E1 /* AppDelegate.swift */,
				B47B37391D1EEBD200B503E1 /* MasterViewController.swift */,
				B47B373B1D1EEBD200B503E1 /* DetailViewController.swift */,
				B47B373D1D1EEBD200B503E1 /* Main.storyboard */,
				B47B37401D1EEBD200B503E1 /* Assets.xcassets */,
				B47B37421D1EEBD200B503E1 /* LaunchScreen.storyboard */,
				B47B37451D1EEBD200B503E1 /* Info.plist */,
			);
			path = CursoSwift;
			sourceTree = "<group>";
		};
		B47B374D1D1EEBD200B503E1 /* CursoSwiftTests */ = {
			isa = PBXGroup;
			children = (
				B47B374E1D1EEBD200B503E1 /* CursoSwiftTests.swift */,
				B47B37501D1EEBD200B503E1 /* Info.plist */,
			);
			path = CursoSwiftTests;
			sourceTree = "<group>";
		};
		B47B37581D1EEBD200B503E1 /* CursoSwiftUITests */ = {
			isa = PBXGroup;
			children = (
				B47B37591D1EEBD200B503E1 /* CursoSwiftUITests.swift */,
				B47B375B1D1EEBD200B503E1 /* Info.plist */,
			);
			path = CursoSwiftUITests;
			sourceTree = "<group>";
		};
/* End PBXGroup section */

/* Begin PBXNativeTarget section */
		B47B37331D1EEBD200B503E1 /* CursoSwift */ = {
			isa = PBXNativeTarget;
			buildConfigurationList = B47B375E1D1EEBD200B503E1 /* Build configuration list for PBXNativeTarget "CursoSwift" */;
			buildPhases = (
				B47B37301D1EEBD200B503E1 /* Sources */,
				B47B37311D1EEBD200B503E1 /* Frameworks */,
				B47B37321D1EEBD200B503E1 /* Resources */,
			);
			buildRules = (
			);
			dependencies = (
			);
			name = CursoSwift;
			productName = CursoSwift;
			productReference = B47B37341D1EEBD200B503E1 /* CursoSwift.app */;
			productType = "com.apple.product-type.application";
		};
		B47B37491D1EEBD200B503E1 /* CursoSwiftTests */ = {
			isa = PBXNativeTarget;
			buildConfigurationList = B47B37611D1EEBD200B503E1 /* Build configuration list for PBXNativeTarget "CursoSwiftTests" */;
			buildPhases = (
				B47B37461D1EEBD200B503E1 /* Sources */,
				B47B37471D1EEBD200B503E1 /* Frameworks */,
				B47B37481D1EEBD200B503E1 /* Resources */,
			);
			buildRules = (
			);
			dependencies = (
				B47B374C1D1EEBD200B503E1 /* PBXTargetDependency */,
			);
			name = CursoSwiftTests;
			productName = CursoSwiftTests;
			productReference = B47B374A1D1EEBD200B503E1 /* CursoSwiftTests.xctest */;
			productType = "com.apple.product-type.bundle.unit-test";
		};
		B47B37541D1EEBD200B503E1 /* CursoSwiftUITests */ = {
			isa = PBXNativeTarget;
			buildConfigurationList = B47B37641D1EEBD200B503E1 /* Build configuration list for PBXNativeTarget "CursoSwiftUITests" */;
			buildPhases = (
				B47B37511D1EEBD200B503E1 /* Sources */,
				B47B37521D1EEBD200B503E1 /* Frameworks */,
				B47B37531D1EEBD200B503E1 /* Resources */,
			);
			buildRules = (
			);
			dependencies = (
				B47B37571D1EEBD200B503E1 /* PBXTargetDependency */,
			);
			name = CursoSwiftUITests;
			productName = CursoSwiftUITests;
			productReference = B47B37551D1EEBD200B503E1 /* CursoSwiftUITests.xctest */;
			productType = "com.apple.product-type.bundle.ui-testing";
		};
/* End PBXNativeTarget section */

/* Begin PBXProject section */
		B47B372C1D1EEBD200B503E1 /* Project object */ = {
			isa = PBXProject;
			attributes = {
				LastUpgradeCheck = 0700;
				ORGANIZATIONNAME = "Manuel Hermida";
				TargetAttributes = {
					B47B37331D1EEBD200B503E1 = {
						CreatedOnToolsVersion = 7.0;
					};
					B47B37491D1EEBD200B503E1 = {
						CreatedOnToolsVersion = 7.0;
						TestTargetID = B47B37331D1EEBD200B503E1;
					};
					B47B37541D1EEBD200B503E1 = {
						CreatedOnToolsVersion = 7.0;
						TestTargetID = B47B37331D1EEBD200B503E1;
					};
				};
			};
			buildConfigurationList = B47B372F1D1EEBD200B503E1 /* Build configuration list for PBXProject "CursoSwift" */;
			compatibilityVersion = "Xcode 3.2";
			developmentRegion = English;
			hasScannedForEncodings = 0;
			knownRegions = (
				en,
				Base,
			);
			mainGroup = B47B372B1D1EEBD200B503E1;
			productRefGroup = B47B37351D1EEBD200B503E1 /* Products */;
			projectDirPath = "";
			projectRoot = "";
			targets = (
				B47B37331D1EEBD200B503E1 /* CursoSwift */,
				B47B37491D1EEBD200B503E1 /* CursoSwiftTests */,
				B47B37541D1EEBD200B503E1 /* CursoSwiftUITests */,
			);
		};
/* End PBXProject section */

/* Begin PBXResourcesBuildPhase section */
		B47B37321D1EEBD200B503E1 /* Resources */ = {
			isa = PBXResourcesBuildPhase;
			buildActionMask = 2147483647;
			files = (
				B47B37441D1EEBD200B503E1 /* LaunchScreen.storyboard in Resources */,
				B47B37411D1EEBD200B503E1 /* Assets.xcassets in Resources */,
				B47B373F1D1EEBD200B503E1 /* Main.storyboard in Resources */,
			);
			runOnlyForDeploymentPostprocessing = 0;
		};
		B47B37481D1EEBD200B503E1 /* Resources */ = {
			isa = PBXResourcesBuildPhase;
			buildActionMask = 2147483647;
			files = (
			);
			runOnlyForDeploymentPostprocessing = 0;
		};
		B47B37531D1EEBD200B503E1 /* Resources */ = {
			isa = PBXResourcesBuildPhase;
			buildActionMask = 2147483647;
			files = (
			);
			runOnlyForDeploymentPostprocessing = 0;
		};
/* End PBXResourcesBuildPhase section */

/* Begin PBXSourcesBuildPhase section */
		B47B37301D1EEBD200B503E1 /* Sources */ = {
			isa = PBXSourcesBuildPhase;
			buildActionMask = 2147483647;
			files = (
				B47B373C1D1EEBD200B503E1 /* DetailViewController.swift in Sources */,
				B47B373A1D1EEBD200B503E1 /* MasterViewController.swift in Sources */,
				B47B37381D1EEBD200B503E1 /* AppDelegate.swift in Sources */,
			);
			runOnlyForDeploymentPostprocessing = 0;
		};
		B47B37461D1EEBD200B503E1 /* Sources */ = {
			isa = PBXSourcesBuildPhase;
			buildActionMask = 2147483647;
			files = (
				B47B374F1D1EEBD200B503E1 /* CursoSwiftTests.swift in Sources */,
			);
			runOnlyForDeploymentPostprocessing = 0;
		};
		B47B37511D1EEBD200B503E1 /* Sources */ = {
			isa = PBXSourcesBuildPhase;
			buildActionMask = 2147483647;
			files = (
				B47B375A1D1EEBD200B503E1 /* CursoSwiftUITests.swift in Sources */,
			);
			runOnlyForDeploymentPostprocessing = 0;
		};
/* End PBXSourcesBuildPhase section */

/* Begin PBXTargetDependency section */
		B47B374C1D1EEBD200B503E1 /* PBXTargetDependency */ = {
			isa = PBXTargetDependency;
			target = B47B37331D1EEBD200B503E1 /* CursoSwift */;
			targetProxy = B47B374B1D1EEBD200B503E1 /* PBXContainerItemProxy */;
		};
		B47B37571D1EEBD200B503E1 /* PBXTargetDependency */ = {
			isa = PBXTargetDependency;
			target = B47B37331D1EEBD200B503E1 /* CursoSwift */;
			targetProxy = B47B37561D1EEBD200B503E1 /* PBXContainerItemProxy */;
		};
/* End PBXTargetDependency section */

/* Begin PBXVariantGroup section */
		B47B373D1D1EEBD200B503E1 /* Main.storyboard */ = {
			isa = PBXVariantGroup;
			children = (
				B47B373E1D1EEBD200B503E1 /* Base */,
			);
			name = Main.storyboard;
			sourceTree = "<group>";
		};
		B47B37421D1EEBD200B503E1 /* LaunchScreen.storyboard */ = {
			isa = PBXVariantGroup;
			children = (
				B47B37431D1EEBD200B503E1 /* Base */,
			);
			name = LaunchScreen.storyboard;
			sourceTree = "<group>";
		};
/* End PBXVariantGroup section */

/* Begin XCBuildConfiguration section */
		B47B375C1D1EEBD200B503E1 /* Debug */ = {
			isa = XCBuildConfiguration;
			buildSettings = {
				ALWAYS_SEARCH_USER_PATHS = NO;
				CLANG_CXX_LANGUAGE_STANDARD = "gnu++0x";
				CLANG_CXX_LIBRARY = "libc++";
				CLANG_ENABLE_MODULES = YES;
				CLANG_ENABLE_OBJC_ARC = YES;
				CLANG_WARN_BOOL_CONVERSION = YES;
				CLANG_WARN_CONSTANT_CONVERSION = YES;
				CLANG_WARN_DIRECT_OBJC_ISA_USAGE = YES_ERROR;
				CLANG_WARN_EMPTY_BODY = YES;
				CLANG_WARN_ENUM_CONVERSION = YES;
				CLANG_WARN_INT_CONVERSION = YES;
				CLANG_WARN_OBJC_ROOT_CLASS = YES_ERROR;
				CLANG_WARN_UNREACHABLE_CODE = YES;
				CLANG_WARN__DUPLICATE_METHOD_MATCH = YES;
				"CODE_SIGN_IDENTITY[sdk=iphoneos*]" = "iPhone Developer";
				COPY_PHASE_STRIP = NO;
				DEBUG_INFORMATION_FORMAT = dwarf;
				ENABLE_STRICT_OBJC_MSGSEND = YES;
				ENABLE_TESTABILITY = YES;
				GCC_C_LANGUAGE_STANDARD = gnu99;
				GCC_DYNAMIC_NO_PIC = NO;
				GCC_NO_COMMON_BLOCKS = YES;
				GCC_OPTIMIZATION_LEVEL = 0;
				GCC_PREPROCESSOR_DEFINITIONS = (
					"DEBUG=1",
					"$(inherited)",
				);
				GCC_WARN_64_TO_32_BIT_CONVERSION = YES;
				GCC_WARN_ABOUT_RETURN_TYPE = YES_ERROR;
				GCC_WARN_UNDECLARED_SELECTOR = YES;
				GCC_WARN_UNINITIALIZED_AUTOS = YES_AGGRESSIVE;
				GCC_WARN_UNUSED_FUNCTION = YES;
				GCC_WARN_UNUSED_VARIABLE = YES;
				IPHONEOS_DEPLOYMENT_TARGET = 9.0;
				MTL_ENABLE_DEBUG_INFO = YES;
				ONLY_ACTIVE_ARCH = YES;
				SDKROOT = iphoneos;
				SWIFT_OPTIMIZATION_LEVEL = "-Onone";
				TARGETED_DEVICE_FAMILY = "1,2";
			};
			name = Debug;
		};
		B47B375D1D1EEBD200B503E1 /* Release */ = {
			isa = XCBuildConfiguration;
			buildSettings = {
				ALWAYS_SEARCH_USER_PATHS = NO;
				CLANG_CXX_LANGUAGE_STANDARD = "gnu++0x";
				CLANG_CXX_LIBRARY = "libc++";
				CLANG_ENABLE_MODULES = YES;
				CLANG_ENABLE_OBJC_ARC = YES;
				CLANG_WARN_BOOL_CONVERSION = YES;
				CLANG_WARN_CONSTANT_CONVERSION = YES;
				CLANG_WARN_DIRECT_OBJC_ISA_USAGE = YES_ERROR;
				CLANG_WARN_EMPTY_BODY = YES;
				CLANG_WARN_ENUM_CONVERSION = YES;
				CLANG_WARN_INT_CONVERSION = YES;
				CLANG_WARN_OBJC_ROOT_CLASS = YES_ERROR;
				CLANG_WARN_UNREACHABLE_CODE = YES;
				CLANG_WARN__DUPLICATE_METHOD_MATCH = YES;
				"CODE_SIGN_IDENTITY[sdk=iphoneos*]" = "iPhone Developer";
				COPY_PHASE_STRIP = NO;
				DEBUG_INFORMATION_FORMAT = "dwarf-with-dsym";
				ENABLE_NS_ASSERTIONS = NO;
				ENABLE_STRICT_OBJC_MSGSEND = YES;
				GCC_C_LANGUAGE_STANDARD = gnu99;
				GCC_NO_COMMON_BLOCKS = YES;
				GCC_WARN_64_TO_32_BIT_CONVERSION = YES;
				GCC_WARN_ABOUT_RETURN_TYPE = YES_ERROR;
				GCC_WARN_UNDECLARED_SELECTOR = YES;
				GCC_WARN_UNINITIALIZED_AUTOS = YES_AGGRESSIVE;
				GCC_WARN_UNUSED_FUNCTION = YES;
				GCC_WARN_UNUSED_VARIABLE = YES;
				IPHONEOS_DEPLOYMENT_TARGET = 9.0;
				MTL_ENABLE_DEBUG_INFO = NO;
				SDKROOT = iphoneos;
				TARGETED_DEVICE_FAMILY = "1,2";
				VALIDATE_PRODUCT = YES;
			};
			name = Release;
		};
		B47B375F1D1EEBD200B503E1 /* Debug */ = {
			isa = XCBuildConfiguration;
			buildSettings = {
				ASSETCATALOG_COMPILER_APPICON_NAME = AppIcon;
				INFOPLIST_FILE = CursoSwift/Info.plist;
				LD_RUNPATH_SEARCH_PATHS = "$(inherited) @executable_path/Frameworks";
				PRODUCT_BUNDLE_IDENTIFIER = "MH-appsOS.CursoSwift";
				PRODUCT_NAME = "$(TARGET_NAME)";
			};
			name = Debug;
		};
		B47B37601D1EEBD200B503E1 /* Release */ = {
			isa = XCBuildConfiguration;
			buildSettings = {
				ASSETCATALOG_COMPILER_APPICON_NAME = AppIcon;
				INFOPLIST_FILE = CursoSwift/Info.plist;
				LD_RUNPATH_SEARCH_PATHS = "$(inherited) @executable_path/Frameworks";
				PRODUCT_BUNDLE_IDENTIFIER = "MH-appsOS.CursoSwift";
				PRODUCT_NAME = "$(TARGET_NAME)";
			};
			name = Release;
		};
		B47B37621D1EEBD200B503E1 /* Debug */ = {
			isa = XCBuildConfiguration;
			buildSettings = {
				BUNDLE_LOADER = "$(TEST_HOST)";
				INFOPLIST_FILE = CursoSwiftTests/Info.plist;
				LD_RUNPATH_SEARCH_PATHS = "$(inherited) @executable_path/Frameworks @loader_path/Frameworks";
				PRODUCT_BUNDLE_IDENTIFIER = "MH-appsOS.CursoSwiftTests";
				PRODUCT_NAME = "$(TARGET_NAME)";
				TEST_HOST = "$(BUILT_PRODUCTS_DIR)/CursoSwift.app/CursoSwift";
			};
			name = Debug;
		};
		B47B37631D1EEBD200B503E1 /* Release */ = {
			isa = XCBuildConfiguration;
			buildSettings = {
				BUNDLE_LOADER = "$(TEST_HOST)";
				INFOPLIST_FILE = CursoSwiftTests/Info.plist;
				LD_RUNPATH_SEARCH_PATHS = "$(inherited) @executable_path/Frameworks @loader_path/Frameworks";
				PRODUCT_BUNDLE_IDENTIFIER = "MH-appsOS.CursoSwiftTests";
				PRODUCT_NAME = "$(TARGET_NAME)";
				TEST_HOST = "$(BUILT_PRODUCTS_DIR)/CursoSwift.app/CursoSwift";
			};
			name = Release;
		};
		B47B37651D1EEBD200B503E1 /* Debug */ = {
			isa = XCBuildConfiguration;
			buildSettings = {
				INFOPLIST_FILE = CursoSwiftUITests/Info.plist;
				LD_RUNPATH_SEARCH_PATHS = "$(inherited) @executable_path/Frameworks @loader_path/Frameworks";
				PRODUCT_BUNDLE_IDENTIFIER = "MH-appsOS.CursoSwiftUITests";
				PRODUCT_NAME = "$(TARGET_NAME)";
				TEST_TARGET_NAME = CursoSwift;
				USES_XCTRUNNER = YES;
			};
			name = Debug;
		};
		B47B37661D1EEBD200B503E1 /* Release */ = {
			isa = XCBuildConfiguration;
			buildSettings = {
				INFOPLIST_FILE = CursoSwiftUITests/Info.plist;
				LD_RUNPATH_SEARCH_PATHS = "$(inherited) @executable_path/Frameworks @loader_path/Frameworks";
				PRODUCT_BUNDLE_IDENTIFIER = "MH-appsOS.CursoSwiftUITests";
				PRODUCT_NAME = "$(TARGET_NAME)";
				TEST_TARGET_NAME = CursoSwift;
				USES_XCTRUNNER = YES;
			};
			name = Release;
		};
/* End XCBuildConfiguration section */

/* Begin XCConfigurationList section */
		B47B372F1D1EEBD200B503E1 /* Build configuration list for PBXProject "CursoSwift" */ = {
			isa = XCConfigurationList;
			buildConfigurations = (
				B47B375C1D1EEBD200B503E1 /* Debug */,
				B47B375D1D1EEBD200B503E1 /* Release */,
			);
			defaultConfigurationIsVisible = 0;
			defaultConfigurationName = Release;
		};
		B47B375E1D1EEBD200B503E1 /* Build configuration list for PBXNativeTarget "CursoSwift" */ = {
			isa = XCConfigurationList;
			buildConfigurations = (
				B47B375F1D1EEBD200B503E1 /* Debug */,
				B47B37601D1EEBD200B503E1 /* Release */,
			);
			defaultConfigurationIsVisible = 0;
		};
		B47B37611D1EEBD200B503E1 /* Build configuration list for PBXNativeTarget "CursoSwiftTests" */ = {
			isa = XCConfigurationList;
			buildConfigurations = (
				B47B37621D1EEBD200B503E1 /* Debug */,
				B47B37631D1EEBD200B503E1 /* Release */,
			);
			defaultConfigurationIsVisible = 0;
		};
		B47B37641D1EEBD200B503E1 /* Build configuration list for PBXNativeTarget "CursoSwiftUITests" */ = {
			isa = XCConfigurationList;
			buildConfigurations = (
				B47B37651D1EEBD200B503E1 /* Debug */,
				B47B37661D1EEBD200B503E1 /* Release */,
			);
			defaultConfigurationIsVisible = 0;
		};
/* End XCConfigurationList section */
	};
	rootObject = B47B372C1D1EEBD200B503E1 /* Project object */;
}
